// !$*UTF8*$!
{
	archiveVersion = 1;
	classes = {
	};
	objectVersion = 77;
	objects = {

/* Begin PBXContainerItemProxy section */
		BA6F50862CFD133B006F7A4F /* PBXContainerItemProxy */ = {
			isa = PBXContainerItemProxy;
			containerPortal = BA6F50672CFD1339006F7A4F /* Project object */;
			proxyType = 1;
			remoteGlobalIDString = BA6F506E2CFD1339006F7A4F;
			remoteInfo = Lab1;
		};
		BA6F50902CFD133B006F7A4F /* PBXContainerItemProxy */ = {
			isa = PBXContainerItemProxy;
			containerPortal = BA6F50672CFD1339006F7A4F /* Project object */;
			proxyType = 1;
			remoteGlobalIDString = BA6F506E2CFD1339006F7A4F;
			remoteInfo = Lab1;
		};
/* End PBXContainerItemProxy section */

/* Begin PBXFileReference section */
		BA6F506F2CFD1339006F7A4F /* Lab1.app */ = {isa = PBXFileReference; explicitFileType = wrapper.application; includeInIndex = 0; path = Lab1.app; sourceTree = BUILT_PRODUCTS_DIR; };
		BA6F50852CFD133B006F7A4F /* Lab1Tests.xctest */ = {isa = PBXFileReference; explicitFileType = wrapper.cfbundle; includeInIndex = 0; path = Lab1Tests.xctest; sourceTree = BUILT_PRODUCTS_DIR; };
		BA6F508F2CFD133B006F7A4F /* Lab1UITests.xctest */ = {isa = PBXFileReference; explicitFileType = wrapper.cfbundle; includeInIndex = 0; path = Lab1UITests.xctest; sourceTree = BUILT_PRODUCTS_DIR; };
/* End PBXFileReference section */

/* Begin PBXFileSystemSynchronizedBuildFileExceptionSet section */
		BA6F50972CFD133B006F7A4F /* Exceptions for "Lab1" folder in "Lab1" target */ = {
			isa = PBXFileSystemSynchronizedBuildFileExceptionSet;
			membershipExceptions = (
				Info.plist,
			);
			target = BA6F506E2CFD1339006F7A4F /* Lab1 */;
		};
/* End PBXFileSystemSynchronizedBuildFileExceptionSet section */

/* Begin PBXFileSystemSynchronizedRootGroup section */
		BA6F50712CFD1339006F7A4F /* Lab1 */ = {
			isa = PBXFileSystemSynchronizedRootGroup;
			exceptions = (
				BA6F50972CFD133B006F7A4F /* Exceptions for "Lab1" folder in "Lab1" target */,
			);
			path = Lab1;
			sourceTree = "<group>";
		};
		BA6F50882CFD133B006F7A4F /* Lab1Tests */ = {
			isa = PBXFileSystemSynchronizedRootGroup;
			path = Lab1Tests;
			sourceTree = "<group>";
		};
		BA6F50922CFD133B006F7A4F /* Lab1UITests */ = {
			isa = PBXFileSystemSynchronizedRootGroup;
			path = Lab1UITests;
			sourceTree = "<group>";
		};
/* End PBXFileSystemSynchronizedRootGroup section */

/* Begin PBXFrameworksBuildPhase section */
		BA6F506C2CFD1339006F7A4F /* Frameworks */ = {
			isa = PBXFrameworksBuildPhase;
			buildActionMask = 2147483647;
			files = (
			);
			runOnlyForDeploymentPostprocessing = 0;
		};
		BA6F50822CFD133B006F7A4F /* Frameworks */ = {
			isa = PBXFrameworksBuildPhase;
			buildActionMask = 2147483647;
			files = (
			);
			runOnlyForDeploymentPostprocessing = 0;
		};
		BA6F508C2CFD133B006F7A4F /* Frameworks */ = {
			isa = PBXFrameworksBuildPhase;
			buildActionMask = 2147483647;
			files = (
			);
			runOnlyForDeploymentPostprocessing = 0;
		};
/* End PBXFrameworksBuildPhase section */

/* Begin PBXGroup section */
		BA6F50662CFD1339006F7A4F = {
			isa = PBXGroup;
			children = (
				BA6F50712CFD1339006F7A4F /* Lab1 */,
				BA6F50882CFD133B006F7A4F /* Lab1Tests */,
				BA6F50922CFD133B006F7A4F /* Lab1UITests */,
				BA6F50702CFD1339006F7A4F /* Products */,
			);
			sourceTree = "<group>";
		};
		BA6F50702CFD1339006F7A4F /* Products */ = {
			isa = PBXGroup;
			children = (
				BA6F506F2CFD1339006F7A4F /* Lab1.app */,
				BA6F50852CFD133B006F7A4F /* Lab1Tests.xctest */,
				BA6F508F2CFD133B006F7A4F /* Lab1UITests.xctest */,
			);
			name = Products;
			sourceTree = "<group>";
		};
/* End PBXGroup section */

/* Begin PBXNativeTarget section */
		BA6F506E2CFD1339006F7A4F /* Lab1 */ = {
			isa = PBXNativeTarget;
			buildConfigurationList = BA6F50982CFD133B006F7A4F /* Build configuration list for PBXNativeTarget "Lab1" */;
			buildPhases = (
				BA6F506B2CFD1339006F7A4F /* Sources */,
				BA6F506C2CFD1339006F7A4F /* Frameworks */,
				BA6F506D2CFD1339006F7A4F /* Resources */,
			);
			buildRules = (
			);
			dependencies = (
			);
			fileSystemSynchronizedGroups = (
				BA6F50712CFD1339006F7A4F /* Lab1 */,
			);
			name = Lab1;
			packageProductDependencies = (
			);
			productName = Lab1;
			productReference = BA6F506F2CFD1339006F7A4F /* Lab1.app */;
			productType = "com.apple.product-type.application";
		};
		BA6F50842CFD133B006F7A4F /* Lab1Tests */ = {
			isa = PBXNativeTarget;
			buildConfigurationList = BA6F509D2CFD133B006F7A4F /* Build configuration list for PBXNativeTarget "Lab1Tests" */;
			buildPhases = (
				BA6F50812CFD133B006F7A4F /* Sources */,
				BA6F50822CFD133B006F7A4F /* Frameworks */,
				BA6F50832CFD133B006F7A4F /* Resources */,
			);
			buildRules = (
			);
			dependencies = (
				BA6F50872CFD133B006F7A4F /* PBXTargetDependency */,
			);
			fileSystemSynchronizedGroups = (
				BA6F50882CFD133B006F7A4F /* Lab1Tests */,
			);
			name = Lab1Tests;
			packageProductDependencies = (
			);
			productName = Lab1Tests;
			productReference = BA6F50852CFD133B006F7A4F /* Lab1Tests.xctest */;
			productType = "com.apple.product-type.bundle.unit-test";
		};
		BA6F508E2CFD133B006F7A4F /* Lab1UITests */ = {
			isa = PBXNativeTarget;
			buildConfigurationList = BA6F50A02CFD133B006F7A4F /* Build configuration list for PBXNativeTarget "Lab1UITests" */;
			buildPhases = (
				BA6F508B2CFD133B006F7A4F /* Sources */,
				BA6F508C2CFD133B006F7A4F /* Frameworks */,
				BA6F508D2CFD133B006F7A4F /* Resources */,
			);
			buildRules = (
			);
			dependencies = (
				BA6F50912CFD133B006F7A4F /* PBXTargetDependency */,
			);
			fileSystemSynchronizedGroups = (
				BA6F50922CFD133B006F7A4F /* Lab1UITests */,
			);
			name = Lab1UITests;
			packageProductDependencies = (
			);
			productName = Lab1UITests;
			productReference = BA6F508F2CFD133B006F7A4F /* Lab1UITests.xctest */;
			productType = "com.apple.product-type.bundle.ui-testing";
		};
/* End PBXNativeTarget section */

/* Begin PBXProject section */
		BA6F50672CFD1339006F7A4F /* Project object */ = {
			isa = PBXProject;
			attributes = {
				BuildIndependentTargetsInParallel = 1;
				LastSwiftUpdateCheck = 1610;
				LastUpgradeCheck = 1610;
				TargetAttributes = {
					BA6F506E2CFD1339006F7A4F = {
						CreatedOnToolsVersion = 16.1;
					};
					BA6F50842CFD133B006F7A4F = {
						CreatedOnToolsVersion = 16.1;
						TestTargetID = BA6F506E2CFD1339006F7A4F;
					};
					BA6F508E2CFD133B006F7A4F = {
						CreatedOnToolsVersion = 16.1;
						TestTargetID = BA6F506E2CFD1339006F7A4F;
					};
				};
			};
			buildConfigurationList = BA6F506A2CFD1339006F7A4F /* Build configuration list for PBXProject "Lab1" */;
			developmentRegion = en;
			hasScannedForEncodings = 0;
			knownRegions = (
				en,
				Base,
			);
			mainGroup = BA6F50662CFD1339006F7A4F;
			minimizedProjectReferenceProxies = 1;
			preferredProjectObjectVersion = 77;
			productRefGroup = BA6F50702CFD1339006F7A4F /* Products */;
			projectDirPath = "";
			projectRoot = "";
			targets = (
				BA6F506E2CFD1339006F7A4F /* Lab1 */,
				BA6F50842CFD133B006F7A4F /* Lab1Tests */,
				BA6F508E2CFD133B006F7A4F /* Lab1UITests */,
			);
		};
/* End PBXProject section */

/* Begin PBXResourcesBuildPhase section */
		BA6F506D2CFD1339006F7A4F /* Resources */ = {
			isa = PBXResourcesBuildPhase;
			buildActionMask = 2147483647;
			files = (
			);
			runOnlyForDeploymentPostprocessing = 0;
		};
		BA6F50832CFD133B006F7A4F /* Resources */ = {
			isa = PBXResourcesBuildPhase;
			buildActionMask = 2147483647;
			files = (
			);
			runOnlyForDeploymentPostprocessing = 0;
		};
		BA6F508D2CFD133B006F7A4F /* Resources */ = {
			isa = PBXResourcesBuildPhase;
			buildActionMask = 2147483647;
			files = (
			);
			runOnlyForDeploymentPostprocessing = 0;
		};
/* End PBXResourcesBuildPhase section */

/* Begin PBXSourcesBuildPhase section */
		BA6F506B2CFD1339006F7A4F /* Sources */ = {
			isa = PBXSourcesBuildPhase;
			buildActionMask = 2147483647;
			files = (
			);
			runOnlyForDeploymentPostprocessing = 0;
		};
		BA6F50812CFD133B006F7A4F /* Sources */ = {
			isa = PBXSourcesBuildPhase;
			buildActionMask = 2147483647;
			files = (
			);
			runOnlyForDeploymentPostprocessing = 0;
		};
		BA6F508B2CFD133B006F7A4F /* Sources */ = {
			isa = PBXSourcesBuildPhase;
			buildActionMask = 2147483647;
			files = (
			);
			runOnlyForDeploymentPostprocessing = 0;
		};
/* End PBXSourcesBuildPhase section */

/* Begin PBXTargetDependency section */
		BA6F50872CFD133B006F7A4F /* PBXTargetDependency */ = {
			isa = PBXTargetDependency;
			target = BA6F506E2CFD1339006F7A4F /* Lab1 */;
			targetProxy = BA6F50862CFD133B006F7A4F /* PBXContainerItemProxy */;
		};
		BA6F50912CFD133B006F7A4F /* PBXTargetDependency */ = {
			isa = PBXTargetDependency;
			target = BA6F506E2CFD1339006F7A4F /* Lab1 */;
			targetProxy = BA6F50902CFD133B006F7A4F /* PBXContainerItemProxy */;
		};
/* End PBXTargetDependency section */

/* Begin XCBuildConfiguration section */
		BA6F50992CFD133B006F7A4F /* Debug */ = {
			isa = XCBuildConfiguration;
			buildSettings = {
				ASSETCATALOG_COMPILER_APPICON_NAME = AppIcon;
				ASSETCATALOG_COMPILER_GLOBAL_ACCENT_COLOR_NAME = AccentColor;
				CODE_SIGN_STYLE = Automatic;
				CURRENT_PROJECT_VERSION = 1;
				DEVELOPMENT_TEAM = D3758JUXWN;
				GENERATE_INFOPLIST_FILE = YES;
				INFOPLIST_FILE = Lab1/Info.plist;
				INFOPLIST_KEY_UIApplicationSupportsIndirectInputEvents = YES;
				INFOPLIST_KEY_UILaunchStoryboardName = LaunchScreen;
				INFOPLIST_KEY_UIMainStoryboardFile = Main;
				INFOPLIST_KEY_UISupportedInterfaceOrientations_iPad = "UIInterfaceOrientationPortrait UIInterfaceOrientationPortraitUpsideDown UIInterfaceOrientationLandscapeLeft UIInterfaceOrientationLandscapeRight";
				INFOPLIST_KEY_UISupportedInterfaceOrientations_iPhone = "UIInterfaceOrientationPortrait UIInterfaceOrientationLandscapeLeft UIInterfaceOrientationLandscapeRight";
				LD_RUNPATH_SEARCH_PATHS = (
					"$(inherited)",
					"@executable_path/Frameworks",
				);
				MARKETING_VERSION = 1.0;
				PRODUCT_BUNDLE_IDENTIFIER = com.RavenDesign.testApp.Lab1;
				PRODUCT_NAME = "$(TARGET_NAME)";
				SWIFT_EMIT_LOC_STRINGS = YES;
				SWIFT_VERSION = 5.0;
				TARGETED_DEVICE_FAMILY = "1,2";
			};
			name = Debug;
		};
		BA6F509A2CFD133B006F7A4F /* Release */ = {
			isa = XCBuildConfiguration;
			buildSettings = {
				ASSETCATALOG_COMPILER_APPICON_NAME = AppIcon;
				ASSETCATALOG_COMPILER_GLOBAL_ACCENT_COLOR_NAME = AccentColor;
				CODE_SIGN_STYLE = Automatic;
				CURRENT_PROJECT_VERSION = 1;
				DEVELOPMENT_TEAM = D3758JUXWN;
				GENERATE_INFOPLIST_FILE = YES;
				INFOPLIST_FILE = Lab1/Info.plist;
				INFOPLIST_KEY_UIApplicationSupportsIndirectInputEvents = YES;
				INFOPLIST_KEY_UILaunchStoryboardName = LaunchScreen;
				INFOPLIST_KEY_UIMainStoryboardFile = Main;
				INFOPLIST_KEY_UISupportedInterfaceOrientations_iPad = "UIInterfaceOrientationPortrait UIInterfaceOrientationPortraitUpsideDown UIInterfaceOrientationLandscapeLeft UIInterfaceOrientationLandscapeRight";
				INFOPLIST_KEY_UISupportedInterfaceOrientations_iPhone = "UIInterfaceOrientationPortrait UIInterfaceOrientationLandscapeLeft UIInterfaceOrientationLandscapeRight";
				LD_RUNPATH_SEARCH_PATHS = (
					"$(inherited)",
					"@executable_path/Frameworks",
				);
				MARKETING_VERSION = 1.0;
				PRODUCT_BUNDLE_IDENTIFIER = com.RavenDesign.testApp.Lab1;
				PRODUCT_NAME = "$(TARGET_NAME)";
				SWIFT_EMIT_LOC_STRINGS = YES;
				SWIFT_VERSION = 5.0;
				TARGETED_DEVICE_FAMILY = "1,2";
			};
			name = Release;
		};
		BA6F509B2CFD133B006F7A4F /* Debug */ = {
			isa = XCBuildConfiguration;
			buildSettings = {
				ALWAYS_SEARCH_USER_PATHS = NO;
				ASSETCATALOG_COMPILER_GENERATE_SWIFT_ASSET_SYMBOL_EXTENSIONS = YES;
				CLANG_ANALYZER_NONNULL = YES;
				CLANG_ANALYZER_NUMBER_OBJECT_CONVERSION = YES_AGGRESSIVE;
				CLANG_CXX_LANGUAGE_STANDARD = "gnu++20";
				CLANG_ENABLE_MODULES = YES;
				CLANG_ENABLE_OBJC_ARC = YES;
				CLANG_ENABLE_OBJC_WEAK = YES;
				CLANG_WARN_BLOCK_CAPTURE_AUTORELEASING = YES;
				CLANG_WARN_BOOL_CONVERSION = YES;
				CLANG_WARN_COMMA = YES;
				CLANG_WARN_CONSTANT_CONVERSION = YES;
				CLANG_WARN_DEPRECATED_OBJC_IMPLEMENTATIONS = YES;
				CLANG_WARN_DIRECT_OBJC_ISA_USAGE = YES_ERROR;
				CLANG_WARN_DOCUMENTATION_COMMENTS = YES;
				CLANG_WARN_EMPTY_BODY = YES;
				CLANG_WARN_ENUM_CONVERSION = YES;
				CLANG_WARN_INFINITE_RECURSION = YES;
				CLANG_WARN_INT_CONVERSION = YES;
				CLANG_WARN_NON_LITERAL_NULL_CONVERSION = YES;
				CLANG_WARN_OBJC_IMPLICIT_RETAIN_SELF = YES;
				CLANG_WARN_OBJC_LITERAL_CONVERSION = YES;
				CLANG_WARN_OBJC_ROOT_CLASS = YES_ERROR;
				CLANG_WARN_QUOTED_INCLUDE_IN_FRAMEWORK_HEADER = YES;
				CLANG_WARN_RANGE_LOOP_ANALYSIS = YES;
				CLANG_WARN_STRICT_PROTOTYPES = YES;
				CLANG_WARN_SUSPICIOUS_MOVE = YES;
				CLANG_WARN_UNGUARDED_AVAILABILITY = YES_AGGRESSIVE;
				CLANG_WARN_UNREACHABLE_CODE = YES;
				CLANG_WARN__DUPLICATE_METHOD_MATCH = YES;
				COPY_PHASE_STRIP = NO;
				DEBUG_INFORMATION_FORMAT = dwarf;
				ENABLE_STRICT_OBJC_MSGSEND = YES;
				ENABLE_TESTABILITY = YES;
				ENABLE_USER_SCRIPT_SANDBOXING = YES;
				GCC_C_LANGUAGE_STANDARD = gnu17;
				GCC_DYNAMIC_NO_PIC = NO;
				GCC_NO_COMMON_BLOCKS = YES;
				GCC_OPTIMIZATION_LEVEL = 0;
				GCC_PREPROCESSOR_DEFINITIONS = (
					"DEBUG=1",
					"$(inherited)",
				);
				GCC_WARN_64_TO_32_BIT_CONVERSION = YES;
				GCC_WARN_ABOUT_RETURN_TYPE = YES_ERROR;
				GCC_WARN_UNDECLARED_SELECTOR = YES;
				GCC_WARN_UNINITIALIZED_AUTOS = YES_AGGRESSIVE;
				GCC_WARN_UNUSED_FUNCTION = YES;
				GCC_WARN_UNUSED_VARIABLE = YES;
				IPHONEOS_DEPLOYMENT_TARGET = 18.1;
				LOCALIZATION_PREFERS_STRING_CATALOGS = YES;
				MTL_ENABLE_DEBUG_INFO = INCLUDE_SOURCE;
				MTL_FAST_MATH = YES;
				ONLY_ACTIVE_ARCH = YES;
				SDKROOT = iphoneos;
				SWIFT_ACTIVE_COMPILATION_CONDITIONS = "DEBUG $(inherited)";
				SWIFT_OPTIMIZATION_LEVEL = "-Onone";
			};
			name = Debug;
		};
		BA6F509C2CFD133B006F7A4F /* Release */ = {
			isa = XCBuildConfiguration;
			buildSettings = {
				ALWAYS_SEARCH_USER_PATHS = NO;
				ASSETCATALOG_COMPILER_GENERATE_SWIFT_ASSET_SYMBOL_EXTENSIONS = YES;
				CLANG_ANALYZER_NONNULL = YES;
				CLANG_ANALYZER_NUMBER_OBJECT_CONVERSION = YES_AGGRESSIVE;
				CLANG_CXX_LANGUAGE_STANDARD = "gnu++20";
				CLANG_ENABLE_MODULES = YES;
				CLANG_ENABLE_OBJC_ARC = YES;
				CLANG_ENABLE_OBJC_WEAK = YES;
				CLANG_WARN_BLOCK_CAPTURE_AUTORELEASING = YES;
				CLANG_WARN_BOOL_CONVERSION = YES;
				CLANG_WARN_COMMA = YES;
				CLANG_WARN_CONSTANT_CONVERSION = YES;
				CLANG_WARN_DEPRECATED_OBJC_IMPLEMENTATIONS = YES;
				CLANG_WARN_DIRECT_OBJC_ISA_USAGE = YES_ERROR;
				CLANG_WARN_DOCUMENTATION_COMMENTS = YES;
				CLANG_WARN_EMPTY_BODY = YES;
				CLANG_WARN_ENUM_CONVERSION = YES;
				CLANG_WARN_INFINITE_RECURSION = YES;
				CLANG_WARN_INT_CONVERSION = YES;
				CLANG_WARN_NON_LITERAL_NULL_CONVERSION = YES;
				CLANG_WARN_OBJC_IMPLICIT_RETAIN_SELF = YES;
				CLANG_WARN_OBJC_LITERAL_CONVERSION = YES;
				CLANG_WARN_OBJC_ROOT_CLASS = YES_ERROR;
				CLANG_WARN_QUOTED_INCLUDE_IN_FRAMEWORK_HEADER = YES;
				CLANG_WARN_RANGE_LOOP_ANALYSIS = YES;
				CLANG_WARN_STRICT_PROTOTYPES = YES;
				CLANG_WARN_SUSPICIOUS_MOVE = YES;
				CLANG_WARN_UNGUARDED_AVAILABILITY = YES_AGGRESSIVE;
				CLANG_WARN_UNREACHABLE_CODE = YES;
				CLANG_WARN__DUPLICATE_METHOD_MATCH = YES;
				COPY_PHASE_STRIP = NO;
				DEBUG_INFORMATION_FORMAT = "dwarf-with-dsym";
				ENABLE_NS_ASSERTIONS = NO;
				ENABLE_STRICT_OBJC_MSGSEND = YES;
				ENABLE_USER_SCRIPT_SANDBOXING = YES;
				GCC_C_LANGUAGE_STANDARD = gnu17;
				GCC_NO_COMMON_BLOCKS = YES;
				GCC_WARN_64_TO_32_BIT_CONVERSION = YES;
				GCC_WARN_ABOUT_RETURN_TYPE = YES_ERROR;
				GCC_WARN_UNDECLARED_SELECTOR = YES;
				GCC_WARN_UNINITIALIZED_AUTOS = YES_AGGRESSIVE;
				GCC_WARN_UNUSED_FUNCTION = YES;
				GCC_WARN_UNUSED_VARIABLE = YES;
				IPHONEOS_DEPLOYMENT_TARGET = 18.1;
				LOCALIZATION_PREFERS_STRING_CATALOGS = YES;
				MTL_ENABLE_DEBUG_INFO = NO;
				MTL_FAST_MATH = YES;
				SDKROOT = iphoneos;
				SWIFT_COMPILATION_MODE = wholemodule;
				VALIDATE_PRODUCT = YES;
			};
			name = Release;
		};
		BA6F509E2CFD133B006F7A4F /* Debug */ = {
			isa = XCBuildConfiguration;
			buildSettings = {
				BUNDLE_LOADER = "$(TEST_HOST)";
				CODE_SIGN_STYLE = Automatic;
				CURRENT_PROJECT_VERSION = 1;
				GENERATE_INFOPLIST_FILE = YES;
				IPHONEOS_DEPLOYMENT_TARGET = 18.1;
				MARKETING_VERSION = 1.0;
				PRODUCT_BUNDLE_IDENTIFIER = com.RavenDesign.testApp.Lab1Tests;
				PRODUCT_NAME = "$(TARGET_NAME)";
				SWIFT_EMIT_LOC_STRINGS = NO;
				SWIFT_VERSION = 5.0;
				TARGETED_DEVICE_FAMILY = "1,2";
				TEST_HOST = "$(BUILT_PRODUCTS_DIR)/Lab1.app/$(BUNDLE_EXECUTABLE_FOLDER_PATH)/Lab1";
			};
			name = Debug;
		};
		BA6F509F2CFD133B006F7A4F /* Release */ = {
			isa = XCBuildConfiguration;
			buildSettings = {
				BUNDLE_LOADER = "$(TEST_HOST)";
				CODE_SIGN_STYLE = Automatic;
				CURRENT_PROJECT_VERSION = 1;
				GENERATE_INFOPLIST_FILE = YES;
				IPHONEOS_DEPLOYMENT_TARGET = 18.1;
				MARKETING_VERSION = 1.0;
				PRODUCT_BUNDLE_IDENTIFIER = com.RavenDesign.testApp.Lab1Tests;
				PRODUCT_NAME = "$(TARGET_NAME)";
				SWIFT_EMIT_LOC_STRINGS = NO;
				SWIFT_VERSION = 5.0;
				TARGETED_DEVICE_FAMILY = "1,2";
				TEST_HOST = "$(BUILT_PRODUCTS_DIR)/Lab1.app/$(BUNDLE_EXECUTABLE_FOLDER_PATH)/Lab1";
			};
			name = Release;
		};
		BA6F50A12CFD133B006F7A4F /* Debug */ = {
			isa = XCBuildConfiguration;
			buildSettings = {
				CODE_SIGN_STYLE = Automatic;
				CURRENT_PROJECT_VERSION = 1;
				GENERATE_INFOPLIST_FILE = YES;
				MARKETING_VERSION = 1.0;
				PRODUCT_BUNDLE_IDENTIFIER = com.RavenDesign.testApp.Lab1UITests;
				PRODUCT_NAME = "$(TARGET_NAME)";
				SWIFT_EMIT_LOC_STRINGS = NO;
				SWIFT_VERSION = 5.0;
				TARGETED_DEVICE_FAMILY = "1,2";
				TEST_TARGET_NAME = Lab1;
			};
			name = Debug;
		};
		BA6F50A22CFD133B006F7A4F /* Release */ = {
			isa = XCBuildConfiguration;
			buildSettings = {
				CODE_SIGN_STYLE = Automatic;
				CURRENT_PROJECT_VERSION = 1;
				GENERATE_INFOPLIST_FILE = YES;
				MARKETING_VERSION = 1.0;
				PRODUCT_BUNDLE_IDENTIFIER = com.RavenDesign.testApp.Lab1UITests;
				PRODUCT_NAME = "$(TARGET_NAME)";
				SWIFT_EMIT_LOC_STRINGS = NO;
				SWIFT_VERSION = 5.0;
				TARGETED_DEVICE_FAMILY = "1,2";
				TEST_TARGET_NAME = Lab1;
			};
			name = Release;
		};
/* End XCBuildConfiguration section */

/* Begin XCConfigurationList section */
		BA6F506A2CFD1339006F7A4F /* Build configuration list for PBXProject "Lab1" */ = {
			isa = XCConfigurationList;
			buildConfigurations = (
				BA6F509B2CFD133B006F7A4F /* Debug */,
				BA6F509C2CFD133B006F7A4F /* Release */,
			);
			defaultConfigurationIsVisible = 0;
			defaultConfigurationName = Release;
		};
		BA6F50982CFD133B006F7A4F /* Build configuration list for PBXNativeTarget "Lab1" */ = {
			isa = XCConfigurationList;
			buildConfigurations = (
				BA6F50992CFD133B006F7A4F /* Debug */,
				BA6F509A2CFD133B006F7A4F /* Release */,
			);
			defaultConfigurationIsVisible = 0;
			defaultConfigurationName = Release;
		};
		BA6F509D2CFD133B006F7A4F /* Build configuration list for PBXNativeTarget "Lab1Tests" */ = {
			isa = XCConfigurationList;
			buildConfigurations = (
				BA6F509E2CFD133B006F7A4F /* Debug */,
				BA6F509F2CFD133B006F7A4F /* Release */,
			);
			defaultConfigurationIsVisible = 0;
			defaultConfigurationName = Release;
		};
		BA6F50A02CFD133B006F7A4F /* Build configuration list for PBXNativeTarget "Lab1UITests" */ = {
			isa = XCConfigurationList;
			buildConfigurations = (
				BA6F50A12CFD133B006F7A4F /* Debug */,
				BA6F50A22CFD133B006F7A4F /* Release */,
			);
			defaultConfigurationIsVisible = 0;
			defaultConfigurationName = Release;
		};
/* End XCConfigurationList section */
	};
	rootObject = BA6F50672CFD1339006F7A4F /* Project object */;
}
